
Microsoft Visual Studio Solution File, Format Version 12.00
# Visual Studio 15
VisualStudioVersion = 15.0.27130.2010
MinimumVisualStudioVersion = 10.0.40219.1
Project("{F2A71F9B-5D33-465A-A702-920D77279786}") = "Exercise1.1", "Exercise1.1\Exercise1.1.fsproj", "{8E8688CC-C85F-4495-B174-3CCD54E08BD1}"
EndProject
Global
	GlobalSection(SolutionConfigurationPlatforms) = preSolution
		Debug|Any CPU = Debug|Any CPU
		Release|Any CPU = Release|Any CPU
	EndGlobalSection
	GlobalSection(ProjectConfigurationPlatforms) = postSolution
		{8E8688CC-C85F-4495-B174-3CCD54E08BD1}.Debug|Any CPU.ActiveCfg = Debug|Any CPU
		{8E8688CC-C85F-4495-B174-3CCD54E08BD1}.Debug|Any CPU.Build.0 = Debug|Any CPU
		{8E8688CC-C85F-4495-B174-3CCD54E08BD1}.Release|Any CPU.ActiveCfg = Release|Any CPU
		{8E8688CC-C85F-4495-B174-3CCD54E08BD1}.Release|Any CPU.Build.0 = Release|Any CPU
	EndGlobalSection
	GlobalSection(SolutionProperties) = preSolution
		HideSolutionNode = FALSE
	EndGlobalSection
	GlobalSection(ExtensibilityGlobals) = postSolution
		SolutionGuid = {98E22B12-AF05-4027-B563-C29425B62F1B}
	EndGlobalSection
EndGlobal
